
Microsoft Visual Studio Solution File, Format Version 12.00
# Visual Studio 2012
Project("{FAE04EC0-301F-11D3-BF4B-00C04F79EFBC}") = "tco14", "tco14\tco14.csproj", "{CE1CA27A-C904-4AD7-88C9-5DDC185A37E8}"
EndProject
Project("{FAE04EC0-301F-11D3-BF4B-00C04F79EFBC}") = "tco14Test", "tco14Test\tco14Test.csproj", "{4D109F86-BDF5-431D-A774-C6841F6FC4A4}"
EndProject
Global
	GlobalSection(SolutionConfigurationPlatforms) = preSolution
		Debug|Any CPU = Debug|Any CPU
		Release|Any CPU = Release|Any CPU
	EndGlobalSection
	GlobalSection(ProjectConfigurationPlatforms) = postSolution
		{CE1CA27A-C904-4AD7-88C9-5DDC185A37E8}.Debug|Any CPU.ActiveCfg = Debug|Any CPU
		{CE1CA27A-C904-4AD7-88C9-5DDC185A37E8}.Debug|Any CPU.Build.0 = Debug|Any CPU
		{CE1CA27A-C904-4AD7-88C9-5DDC185A37E8}.Release|Any CPU.ActiveCfg = Release|Any CPU
		{CE1CA27A-C904-4AD7-88C9-5DDC185A37E8}.Release|Any CPU.Build.0 = Release|Any CPU
		{4D109F86-BDF5-431D-A774-C6841F6FC4A4}.Debug|Any CPU.ActiveCfg = Debug|Any CPU
		{4D109F86-BDF5-431D-A774-C6841F6FC4A4}.Debug|Any CPU.Build.0 = Debug|Any CPU
		{4D109F86-BDF5-431D-A774-C6841F6FC4A4}.Release|Any CPU.ActiveCfg = Release|Any CPU
		{4D109F86-BDF5-431D-A774-C6841F6FC4A4}.Release|Any CPU.Build.0 = Release|Any CPU
	EndGlobalSection
	GlobalSection(SolutionProperties) = preSolution
		HideSolutionNode = FALSE
	EndGlobalSection
EndGlobal
